hash: e07d13ec3f3c7b279bca2b1e7efe6e43bd9b923d32ce01e1705c6f8fb7891ec4
updated: 2017-04-16T09:24:16.105563226-07:00
imports:
- name: github.com/inconshreveable/mousetrap
  version: 76626ae9c91c4f2a10f34cad8ce83ea42c93bb75
- name: github.com/logrusorgru/aurora
  version: e669f2c22bc605420e0a2f759ec43ea235ba02d2
- name: github.com/spf13/cobra
  version: 92ea23a837e66f46ac9e7d04fa826602b7b0a42d
- name: github.com/spf13/pflag
  version: 9ff6c6923cfffbcd502984b8e0c80539a94968b7
- name: github.com/spf13/viper
  version: 7538d73b4eb9511d85a9f1dfef202eeb8ac260f4
testImports:
- name: github.com/onsi/ginkgo
  version: f40a49d81e5c12e90400620b6242fb29a8e7c9d9
  subpackages:
  - ginkgo
- name: github.com/onsi/gomega
  version: 9b8c753e8dfb382618ba8fa19b4197b5dcb0434c
